{
  "name": "techdegree-project-08",
  "version": "1.0.0",
  "lockfileVersion": 2,
  "requires": true,
  "packages": {
    "": {
      "name": "techdegree-project-08",
      "version": "1.0.0",
      "license": "UNLICENSED",
      "dependencies": {
        "@openfonts/roboto-slab_all": "^1.44.1"
      }
    },
    "node_modules/@openfonts/roboto-slab_all": {
      "version": "1.44.1",
      "resolved": "https://registry.npmjs.org/@openfonts/roboto-slab_all/-/roboto-slab_all-1.44.1.tgz",
      "integrity": "sha512-kJB/zXm6Hr2iEJgW1f5AxCGbfcQ9t+0EnEa/A0RIscONlgcHmNdYOOtelYXPqtxaks/ogLtyP3CTdXM+4KTg5g=="
    }
  },
  "dependencies": {
    "@openfonts/roboto-slab_all": {
      "version": "1.44.1",
      "resolved": "https://registry.npmjs.org/@openfonts/roboto-slab_all/-/roboto-slab_all-1.44.1.tgz",
      "integrity": "sha512-kJB/zXm6Hr2iEJgW1f5AxCGbfcQ9t+0EnEa/A0RIscONlgcHmNdYOOtelYXPqtxaks/ogLtyP3CTdXM+4KTg5g=="
    }
  }
}
